
Microsoft Visual Studio Solution File, Format Version 12.00
# Visual Studio Version 17
VisualStudioVersion = 17.4.33213.308
MinimumVisualStudioVersion = 10.0.40219.1
Project("{FAE04EC0-301F-11D3-BF4B-00C04F79EFBC}") = "JWTWebAPI", "JWTWebAPI\JWTWebAPI.csproj", "{B2C0B61E-8DCF-4E82-8F92-E3758EC87680}"
EndProject
Global
	GlobalSection(SolutionConfigurationPlatforms) = preSolution
		Debug|Any CPU = Debug|Any CPU
		Release|Any CPU = Release|Any CPU
	EndGlobalSection
	GlobalSection(ProjectConfigurationPlatforms) = postSolution
		{B2C0B61E-8DCF-4E82-8F92-E3758EC87680}.Debug|Any CPU.ActiveCfg = Debug|Any CPU
		{B2C0B61E-8DCF-4E82-8F92-E3758EC87680}.Debug|Any CPU.Build.0 = Debug|Any CPU
		{B2C0B61E-8DCF-4E82-8F92-E3758EC87680}.Release|Any CPU.ActiveCfg = Release|Any CPU
		{B2C0B61E-8DCF-4E82-8F92-E3758EC87680}.Release|Any CPU.Build.0 = Release|Any CPU
	EndGlobalSection
	GlobalSection(SolutionProperties) = preSolution
		HideSolutionNode = FALSE
	EndGlobalSection
	GlobalSection(ExtensibilityGlobals) = postSolution
		SolutionGuid = {82F35868-3F0F-4807-9CDE-1EFB9C6C9204}
	EndGlobalSection
EndGlobal
